{
  "name": "mikrotik-graph",
  "version": "1.0.0",
  "lockfileVersion": 2,
  "requires": true,
  "packages": {
    "": {
      "version": "1.0.0",
      "license": "ISC",
      "dependencies": {
        "chart.js": "^3.4.1"
      }
    },
    "node_modules/chart.js": {
      "version": "3.4.1",
      "resolved": "https://registry.npmjs.org/chart.js/-/chart.js-3.4.1.tgz",
      "integrity": "sha512-0R4mL7WiBcYoazIhrzSYnWcOw6RmrRn7Q4nKZNsBQZCBrlkZKodQbfeojCCo8eETPRCs1ZNTsAcZhIfyhyP61g=="
    }
  },
  "dependencies": {
    "chart.js": {
      "version": "3.4.1",
      "resolved": "https://registry.npmjs.org/chart.js/-/chart.js-3.4.1.tgz",
      "integrity": "sha512-0R4mL7WiBcYoazIhrzSYnWcOw6RmrRn7Q4nKZNsBQZCBrlkZKodQbfeojCCo8eETPRCs1ZNTsAcZhIfyhyP61g=="
    }
  }
}
